
Microsoft Visual Studio Solution File, Format Version 12.00
# Visual Studio Version 17
VisualStudioVersion = 17.1.32319.34
MinimumVisualStudioVersion = 10.0.40219.1
Project("{FAE04EC0-301F-11D3-BF4B-00C04F79EFBC}") = "Lector pdf", "Lector pdf\Lector pdf.csproj", "{A9F65AE8-0349-43DC-9986-370335DA1D5D}"
EndProject
Global
	GlobalSection(SolutionConfigurationPlatforms) = preSolution
		Debug|Any CPU = Debug|Any CPU
		Release|Any CPU = Release|Any CPU
	EndGlobalSection
	GlobalSection(ProjectConfigurationPlatforms) = postSolution
		{A9F65AE8-0349-43DC-9986-370335DA1D5D}.Debug|Any CPU.ActiveCfg = Debug|Any CPU
		{A9F65AE8-0349-43DC-9986-370335DA1D5D}.Debug|Any CPU.Build.0 = Debug|Any CPU
		{A9F65AE8-0349-43DC-9986-370335DA1D5D}.Release|Any CPU.ActiveCfg = Release|Any CPU
		{A9F65AE8-0349-43DC-9986-370335DA1D5D}.Release|Any CPU.Build.0 = Release|Any CPU
	EndGlobalSection
	GlobalSection(SolutionProperties) = preSolution
		HideSolutionNode = FALSE
	EndGlobalSection
	GlobalSection(ExtensibilityGlobals) = postSolution
		SolutionGuid = {7A91CFB4-6A6D-437A-B817-5DE8E0CAAF8A}
	EndGlobalSection
EndGlobal
